# generated by rye
# use `rye lock` or `rye sync` to update this lockfile
#
# last locked with the following flags:
#   pre: false
#   features: []
#   all-features: false
#   with-sources: false
#   generate-hashes: false
#   universal: false

-e file:.
cramjam==2.8.3
    # via fastparquet
fastparquet==2024.5.0
    # via isp-trace-parser
fsspec==2024.9.0
    # via fastparquet
numpy==2.1.0
    # via fastparquet
    # via pandas
packaging==24.1
    # via fastparquet
pandas==2.2.2
    # via fastparquet
    # via isp-trace-parser
polars==1.6.0
    # via isp-trace-parser
python-dateutil==2.9.0.post0
    # via pandas
pytz==2024.1
    # via pandas
six==1.16.0
    # via python-dateutil
tzdata==2024.1
    # via pandas
